
Microsoft Visual Studio Solution File, Format Version 12.00
# Visual Studio Version 16
VisualStudioVersion = 16.0.30413.136
MinimumVisualStudioVersion = 10.0.40219.1
Project("{FAE04EC0-301F-11D3-BF4B-00C04F79EFBC}") = "BaldiCanUseItems", "BaldiCanUseItems\BaldiCanUseItems.csproj", "{962F06CB-4999-4617-9ECF-993BC7B80DA3}"
EndProject
Global
	GlobalSection(SolutionConfigurationPlatforms) = preSolution
		Debug|Any CPU = Debug|Any CPU
		Release|Any CPU = Release|Any CPU
	EndGlobalSection
	GlobalSection(ProjectConfigurationPlatforms) = postSolution
		{962F06CB-4999-4617-9ECF-993BC7B80DA3}.Debug|Any CPU.ActiveCfg = Debug|Any CPU
		{962F06CB-4999-4617-9ECF-993BC7B80DA3}.Debug|Any CPU.Build.0 = Debug|Any CPU
		{962F06CB-4999-4617-9ECF-993BC7B80DA3}.Release|Any CPU.ActiveCfg = Release|Any CPU
		{962F06CB-4999-4617-9ECF-993BC7B80DA3}.Release|Any CPU.Build.0 = Release|Any CPU
	EndGlobalSection
	GlobalSection(SolutionProperties) = preSolution
		HideSolutionNode = FALSE
	EndGlobalSection
	GlobalSection(ExtensibilityGlobals) = postSolution
		SolutionGuid = {E00E4120-EED8-43F4-9CBD-E978326866C0}
	EndGlobalSection
EndGlobal
